
Microsoft Visual Studio Solution File, Format Version 12.00
# Visual Studio Version 17
VisualStudioVersion = 17.3.32825.248
MinimumVisualStudioVersion = 10.0.40219.1
Project("{FAE04EC0-301F-11D3-BF4B-00C04F79EFBC}") = "ThomasLiebregts.Variance.App", "src\ThomasLiebregts.Variance.App\ThomasLiebregts.Variance.App.csproj", "{92A6B086-2AC6-4C9D-8443-B5D10097A83E}"
EndProject
Global
	GlobalSection(SolutionConfigurationPlatforms) = preSolution
		Debug|Any CPU = Debug|Any CPU
		Release|Any CPU = Release|Any CPU
	EndGlobalSection
	GlobalSection(ProjectConfigurationPlatforms) = postSolution
		{92A6B086-2AC6-4C9D-8443-B5D10097A83E}.Debug|Any CPU.ActiveCfg = Debug|Any CPU
		{92A6B086-2AC6-4C9D-8443-B5D10097A83E}.Debug|Any CPU.Build.0 = Debug|Any CPU
		{92A6B086-2AC6-4C9D-8443-B5D10097A83E}.Release|Any CPU.ActiveCfg = Release|Any CPU
		{92A6B086-2AC6-4C9D-8443-B5D10097A83E}.Release|Any CPU.Build.0 = Release|Any CPU
	EndGlobalSection
	GlobalSection(SolutionProperties) = preSolution
		HideSolutionNode = FALSE
	EndGlobalSection
	GlobalSection(ExtensibilityGlobals) = postSolution
		SolutionGuid = {D97650B7-B9D3-4267-8DCB-551BA505AC58}
	EndGlobalSection
EndGlobal
